<?xml version="1.0" encoding="utf-8"?>
<Project ToolsVersion="4.0" xmlns="http://schemas.microsoft.com/developer/msbuild/2003">
  <ItemGroup>
    <Filter Include="Source Files">
      <UniqueIdentifier>{4FC737F1-C7A5-4376-A066-2A32D752A2FF}</UniqueIdentifier>
      <Extensions>cpp;c;cc;cxx;def;odl;idl;hpj;bat;asm;asmx</Extensions>
    </Filter>
    <Filter Include="Header Files">
      <UniqueIdentifier>{93995380-89BD-4b04-88EB-625FBE52EBFB}</UniqueIdentifier>
      <Extensions>h;hh;hpp;hxx;hm;inl;inc;ipp;xsd</Extensions>
    </Filter>
    <Filter Include="Resource Files">
      <UniqueIdentifier>{67DA6AB6-F800-4c08-8B7A-83BB121AAD01}</UniqueIdentifier>
      <Extensions>rc;ico;cur;bmp;dlg;rc2;rct;bin;rgs;gif;jpg;jpeg;jpe;resx;tiff;tif;png;wav;mfcribbon-ms</Extensions>
    </Filter>
  </ItemGroup>
  <ItemGroup>
    <ClInclude Include="..\..\raaAssignment2\raaAssignment2\raaAnimatedFacarde.h">
      <Filter>Header Files</Filter>
    </ClInclude>
    <ClInclude Include="..\..\raaAssignment2\raaAssignment2\raaAnimationPathCallback.h">
      <Filter>Header Files</Filter>
    </ClInclude>
    <ClInclude Include="..\..\raaAssignment2\raaAssignment2\raaAnimationPointFinder.h">
      <Filter>Header Files</Filter>
    </ClInclude>
    <ClInclude Include="..\..\raaAssignment2\raaAssignment2\raaAssetLibrary.h">
      <Filter>Header Files</Filter>
    </ClInclude>
    <ClInclude Include="..\..\raaAssignment2\raaAssignment2\raaBoundCalculator.h">
      <Filter>Header Files</Filter>
    </ClInclude>
    <ClInclude Include="..\..\raaAssignment2\raaAssignment2\raaCarFacarde.h">
      <Filter>Header Files</Filter>
    </ClInclude>
    <ClInclude Include="..\..\raaAssignment2\raaAssignment2\raaCollisionTarget.h">
      <Filter>Header Files</Filter>
    </ClInclude>
    <ClInclude Include="..\..\raaAssignment2\raaAssignment2\raaFacarde.h">
      <Filter>Header Files</Filter>
    </ClInclude>
    <ClInclude Include="..\..\raaAssignment2\raaAssignment2\raaFinder.h">
      <Filter>Header Files</Filter>
    </ClInclude>
    <ClInclude Include="..\..\raaAssignment2\raaAssignment2\raaInputController.h">
      <Filter>Header Files</Filter>
    </ClInclude>
    <ClInclude Include="..\..\raaAssignment2\raaAssignment2\raaNodeCallbackFacarde.h">
      <Filter>Header Files</Filter>
    </ClInclude>
    <ClInclude Include="..\..\raaAssignment2\raaAssignment2\raaRoadTileFacarde.h">
      <Filter>Header Files</Filter>
    </ClInclude>
    <ClInclude Include="..\..\raaAssignment2\raaAssignment2\raaSwitchActivator.h">
      <Filter>Header Files</Filter>
    </ClInclude>
    <ClInclude Include="..\..\raaAssignment2\raaAssignment2\raaTrafficSystem.h">
      <Filter>Header Files</Filter>
    </ClInclude>
  </ItemGroup>
  <ItemGroup>
    <ClCompile Include="..\..\raaAssignment2\raaAssignment2\raaAnimatedFacarde.cpp">
      <Filter>Source Files</Filter>
    </ClCompile>
    <ClCompile Include="..\..\raaAssignment2\raaAssignment2\raaAnimationPathCallback.cpp">
      <Filter>Source Files</Filter>
    </ClCompile>
    <ClCompile Include="..\..\raaAssignment2\raaAssignment2\raaAnimationPointFinder.cpp">
      <Filter>Source Files</Filter>
    </ClCompile>
    <ClCompile Include="..\..\raaAssignment2\raaAssignment2\raaAssetLibrary.cpp">
      <Filter>Source Files</Filter>
    </ClCompile>
    <ClCompile Include="..\..\raaAssignment2\raaAssignment2\raaAssignment2.cpp">
      <Filter>Source Files</Filter>
    </ClCompile>
    <ClCompile Include="..\..\raaAssignment2\raaAssignment2\raaBoundCalculator.cpp">
      <Filter>Source Files</Filter>
    </ClCompile>
    <ClCompile Include="..\..\raaAssignment2\raaAssignment2\raaCarFacarde.cpp">
      <Filter>Source Files</Filter>
    </ClCompile>
    <ClCompile Include="..\..\raaAssignment2\raaAssignment2\raaCollisionTarget.cpp">
      <Filter>Source Files</Filter>
    </ClCompile>
    <ClCompile Include="..\..\raaAssignment2\raaAssignment2\raaFacarde.cpp">
      <Filter>Source Files</Filter>
    </ClCompile>
    <ClCompile Include="..\..\raaAssignment2\raaAssignment2\raaFinder.cpp">
      <Filter>Source Files</Filter>
    </ClCompile>
    <ClCompile Include="..\..\raaAssignment2\raaAssignment2\raaInputController.cpp">
      <Filter>Source Files</Filter>
    </ClCompile>
    <ClCompile Include="..\..\raaAssignment2\raaAssignment2\raaNodeCallbackFacarde.cpp">
      <Filter>Source Files</Filter>
    </ClCompile>
    <ClCompile Include="..\..\raaAssignment2\raaAssignment2\raaRoadTileFacarde.cpp">
      <Filter>Source Files</Filter>
    </ClCompile>
    <ClCompile Include="..\..\raaAssignment2\raaAssignment2\raaSwitchActivator.cpp">
      <Filter>Source Files</Filter>
    </ClCompile>
    <ClCompile Include="..\..\raaAssignment2\raaAssignment2\raaTrafficSystem.cpp">
      <Filter>Source Files</Filter>
    </ClCompile>
  </ItemGroup>
</Project>